{
  "name": "cybersec_album_root",
  "version": "1.0.0",
  "lockfileVersion": 2,
  "requires": true,
  "packages": {
    "": {
      "name": "cybersec_album_root",
      "version": "1.0.0",
      "dependencies": {
        "cybersec_album_root": "file:"
      },
      "engines": {
        "node": "22.x",
        "npm": "10.x"
      }
    },
    "node_modules/cybersec_album_root": {
      "resolved": "",
      "link": true
    }
  },
  "dependencies": {
    "cybersec_album_root": {
      "version": "file:",
      "requires": {
        "cybersec_album_root": "file:"
      }
    }
  }
}
